{
  "name": "emoji-selector-for-gnome",
  "version": "1.0.0",
  "lockfileVersion": 1,
  "requires": true,
  "dependencies": {
    "@unicode/unicode-13.0.0": {
      "version": "1.2.0",
      "resolved": "https://registry.npmjs.org/@unicode/unicode-13.0.0/-/unicode-13.0.0-1.2.0.tgz",
      "integrity": "sha512-ocuWbduBe3lNt/651RUs3eVbWLCQ7S40nxCCuErm0ynDZsraAzT9TGMea2qx9mUR59/un4a+SQSTHs1vB9QfPQ==",
      "dev": true
    },
    "emoji-datasource": {
      "version": "7.0.1",
      "resolved": "https://registry.npmjs.org/emoji-datasource/-/emoji-datasource-7.0.1.tgz",
      "integrity": "sha512-P6P3qwrvP6Ew5kapt3sWTTtra8jFqbcqgpAfO9OqNm5KINjenLG8/uOqusIq4FAF3OkeWsCYbD3rdQGV2nK0+g==",
      "dev": true
    }
  }
}
