{
  "name": "emoji-selector-for-gnome",
  "version": "1.0.0",
  "lockfileVersion": 1,
  "requires": true,
  "dependencies": {
    "emoji-datasource": {
      "version": "7.0.1",
      "resolved": "https://registry.npmjs.org/emoji-datasource/-/emoji-datasource-7.0.1.tgz",
      "integrity": "sha512-P6P3qwrvP6Ew5kapt3sWTTtra8jFqbcqgpAfO9OqNm5KINjenLG8/uOqusIq4FAF3OkeWsCYbD3rdQGV2nK0+g==",
      "dev": true
    }
  }
}
